
Microsoft Visual Studio Solution File, Format Version 11.00
# Visual Studio 2010
Project("{FAE04EC0-301F-11D3-BF4B-00C04F79EFBC}") = "ConsumoWsOffline", "ConsumoWsOffline\ConsumoWsOffline.csproj", "{F0E1D5E6-856C-4FB0-A3F6-B8C22177D907}"
EndProject
Global
	GlobalSection(SolutionConfigurationPlatforms) = preSolution
		Debug|x86 = Debug|x86
		Release|x86 = Release|x86
	EndGlobalSection
	GlobalSection(ProjectConfigurationPlatforms) = postSolution
		{F0E1D5E6-856C-4FB0-A3F6-B8C22177D907}.Debug|x86.ActiveCfg = Debug|x86
		{F0E1D5E6-856C-4FB0-A3F6-B8C22177D907}.Debug|x86.Build.0 = Debug|x86
		{F0E1D5E6-856C-4FB0-A3F6-B8C22177D907}.Release|x86.ActiveCfg = Release|x86
		{F0E1D5E6-856C-4FB0-A3F6-B8C22177D907}.Release|x86.Build.0 = Release|x86
	EndGlobalSection
	GlobalSection(SolutionProperties) = preSolution
		HideSolutionNode = FALSE
	EndGlobalSection
EndGlobal
